// !$*UTF8*$!
{
	archiveVersion = 1;
	classes = {
	};
	objectVersion = 46;
	objects = {

/* Begin PBXBuildFile section */
		19A828041D34889D0071B283 /* AppDelegate.swift in Sources */ = {isa = PBXBuildFile; fileRef = 19A828031D34889D0071B283 /* AppDelegate.swift */; };
		19A828061D34889D0071B283 /* ViewController.swift in Sources */ = {isa = PBXBuildFile; fileRef = 19A828051D34889D0071B283 /* ViewController.swift */; };
		19A828081D34889D0071B283 /* Assets.xcassets in Resources */ = {isa = PBXBuildFile; fileRef = 19A828071D34889D0071B283 /* Assets.xcassets */; };
		19A8280B1D34889D0071B283 /* Main.storyboard in Resources */ = {isa = PBXBuildFile; fileRef = 19A828091D34889D0071B283 /* Main.storyboard */; };
		19A8281E1D348BFA0071B283 /* Detector.mm in Sources */ = {isa = PBXBuildFile; fileRef = 19A8281C1D348BFA0071B283 /* Detector.mm */; };
		19A8281F1D348BFA0071B283 /* Detector.xib in Resources */ = {isa = PBXBuildFile; fileRef = 19A8281D1D348BFA0071B283 /* Detector.xib */; };
		19A828211D348F410071B283 /* libopencv_core.2.4.13.dylib in Frameworks */ = {isa = PBXBuildFile; fileRef = 19A828201D348F410071B283 /* libopencv_core.2.4.13.dylib */; };
		19A828241D348F5A0071B283 /* libopencv_highgui.2.4.13.dylib in Frameworks */ = {isa = PBXBuildFile; fileRef = 19A828221D348F5A0071B283 /* libopencv_highgui.2.4.13.dylib */; };
		19A828251D348F5A0071B283 /* libopencv_imgproc.2.4.13.dylib in Frameworks */ = {isa = PBXBuildFile; fileRef = 19A828231D348F5A0071B283 /* libopencv_imgproc.2.4.13.dylib */; };
		19A8282C1D34935D0071B283 /* original.png in Resources */ = {isa = PBXBuildFile; fileRef = 19A8282A1D34935D0071B283 /* original.png */; };
		19A8282D1D34935D0071B283 /* sign.png in Resources */ = {isa = PBXBuildFile; fileRef = 19A8282B1D34935D0071B283 /* sign.png */; };
/* End PBXBuildFile section */

/* Begin PBXFileReference section */
		19A828001D34889D0071B283 /* opencvTest.app */ = {isa = PBXFileReference; explicitFileType = wrapper.application; includeInIndex = 0; path = opencvTest.app; sourceTree = BUILT_PRODUCTS_DIR; };
		19A828031D34889D0071B283 /* AppDelegate.swift */ = {isa = PBXFileReference; lastKnownFileType = sourcecode.swift; path = AppDelegate.swift; sourceTree = "<group>"; };
		19A828051D34889D0071B283 /* ViewController.swift */ = {isa = PBXFileReference; lastKnownFileType = sourcecode.swift; path = ViewController.swift; sourceTree = "<group>"; };
		19A828071D34889D0071B283 /* Assets.xcassets */ = {isa = PBXFileReference; lastKnownFileType = folder.assetcatalog; path = Assets.xcassets; sourceTree = "<group>"; };
		19A8280A1D34889D0071B283 /* Base */ = {isa = PBXFileReference; lastKnownFileType = file.storyboard; name = Base; path = Base.lproj/Main.storyboard; sourceTree = "<group>"; };
		19A8280C1D34889D0071B283 /* Info.plist */ = {isa = PBXFileReference; lastKnownFileType = text.plist.xml; path = Info.plist; sourceTree = "<group>"; };
		19A828121D3488ED0071B283 /* opencvTest-Bridging-Header.h */ = {isa = PBXFileReference; lastKnownFileType = sourcecode.c.h; path = "opencvTest-Bridging-Header.h"; sourceTree = "<group>"; };
		19A8281B1D348BFA0071B283 /* Detector.h */ = {isa = PBXFileReference; fileEncoding = 4; lastKnownFileType = sourcecode.c.h; path = Detector.h; sourceTree = "<group>"; };
		19A8281C1D348BFA0071B283 /* Detector.mm */ = {isa = PBXFileReference; fileEncoding = 4; lastKnownFileType = sourcecode.cpp.objcpp; path = Detector.mm; sourceTree = "<group>"; };
		19A8281D1D348BFA0071B283 /* Detector.xib */ = {isa = PBXFileReference; fileEncoding = 4; lastKnownFileType = file.xib; path = Detector.xib; sourceTree = "<group>"; };
		19A828201D348F410071B283 /* libopencv_core.2.4.13.dylib */ = {isa = PBXFileReference; lastKnownFileType = "compiled.mach-o.dylib"; name = libopencv_core.2.4.13.dylib; path = ../../../../usr/local/Cellar/opencv/2.4.13/lib/libopencv_core.2.4.13.dylib; sourceTree = "<group>"; };
		19A828221D348F5A0071B283 /* libopencv_highgui.2.4.13.dylib */ = {isa = PBXFileReference; lastKnownFileType = "compiled.mach-o.dylib"; name = libopencv_highgui.2.4.13.dylib; path = ../../../../usr/local/Cellar/opencv/2.4.13/lib/libopencv_highgui.2.4.13.dylib; sourceTree = "<group>"; };
		19A828231D348F5A0071B283 /* libopencv_imgproc.2.4.13.dylib */ = {isa = PBXFileReference; lastKnownFileType = "compiled.mach-o.dylib"; name = libopencv_imgproc.2.4.13.dylib; path = ../../../../usr/local/Cellar/opencv/2.4.13/lib/libopencv_imgproc.2.4.13.dylib; sourceTree = "<group>"; };
		19A8282A1D34935D0071B283 /* original.png */ = {isa = PBXFileReference; lastKnownFileType = image.png; path = original.png; sourceTree = "<group>"; };
		19A8282B1D34935D0071B283 /* sign.png */ = {isa = PBXFileReference; lastKnownFileType = image.png; path = sign.png; sourceTree = "<group>"; };
/* End PBXFileReference section */

/* Begin PBXFrameworksBuildPhase section */
		19A827FD1D34889D0071B283 /* Frameworks */ = {
			isa = PBXFrameworksBuildPhase;
			buildActionMask = 2147483647;
			files = (
				19A828241D348F5A0071B283 /* libopencv_highgui.2.4.13.dylib in Frameworks */,
				19A828251D348F5A0071B283 /* libopencv_imgproc.2.4.13.dylib in Frameworks */,
				19A828211D348F410071B283 /* libopencv_core.2.4.13.dylib in Frameworks */,
			);
			runOnlyForDeploymentPostprocessing = 0;
		};
/* End PBXFrameworksBuildPhase section */

/* Begin PBXGroup section */
		19A827F71D34889D0071B283 = {
			isa = PBXGroup;
			children = (
				19A828221D348F5A0071B283 /* libopencv_highgui.2.4.13.dylib */,
				19A828231D348F5A0071B283 /* libopencv_imgproc.2.4.13.dylib */,
				19A828201D348F410071B283 /* libopencv_core.2.4.13.dylib */,
				19A828021D34889D0071B283 /* opencvTest */,
				19A828011D34889D0071B283 /* Products */,
				19A828121D3488ED0071B283 /* opencvTest-Bridging-Header.h */,
			);
			sourceTree = "<group>";
		};
		19A828011D34889D0071B283 /* Products */ = {
			isa = PBXGroup;
			children = (
				19A828001D34889D0071B283 /* opencvTest.app */,
			);
			name = Products;
			sourceTree = "<group>";
		};
		19A828021D34889D0071B283 /* opencvTest */ = {
			isa = PBXGroup;
			children = (
				19A828031D34889D0071B283 /* AppDelegate.swift */,
				19A8282A1D34935D0071B283 /* original.png */,
				19A8282B1D34935D0071B283 /* sign.png */,
				19A828051D34889D0071B283 /* ViewController.swift */,
				19A8281B1D348BFA0071B283 /* Detector.h */,
				19A8281C1D348BFA0071B283 /* Detector.mm */,
				19A8281D1D348BFA0071B283 /* Detector.xib */,
				19A828071D34889D0071B283 /* Assets.xcassets */,
				19A828091D34889D0071B283 /* Main.storyboard */,
				19A8280C1D34889D0071B283 /* Info.plist */,
			);
			path = opencvTest;
			sourceTree = "<group>";
		};
/* End PBXGroup section */

/* Begin PBXNativeTarget section */
		19A827FF1D34889D0071B283 /* opencvTest */ = {
			isa = PBXNativeTarget;
			buildConfigurationList = 19A8280F1D34889D0071B283 /* Build configuration list for PBXNativeTarget "opencvTest" */;
			buildPhases = (
				19A827FC1D34889D0071B283 /* Sources */,
				19A827FD1D34889D0071B283 /* Frameworks */,
				19A827FE1D34889D0071B283 /* Resources */,
			);
			buildRules = (
			);
			dependencies = (
			);
			name = opencvTest;
			productName = opencvTest;
			productReference = 19A828001D34889D0071B283 /* opencvTest.app */;
			productType = "com.apple.product-type.application";
		};
/* End PBXNativeTarget section */

/* Begin PBXProject section */
		19A827F81D34889D0071B283 /* Project object */ = {
			isa = PBXProject;
			attributes = {
				LastSwiftUpdateCheck = 0730;
				LastUpgradeCheck = 0730;
				ORGANIZATIONNAME = shohei;
				TargetAttributes = {
					19A827FF1D34889D0071B283 = {
						CreatedOnToolsVersion = 7.3.1;
					};
				};
			};
			buildConfigurationList = 19A827FB1D34889D0071B283 /* Build configuration list for PBXProject "opencvTest" */;
			compatibilityVersion = "Xcode 3.2";
			developmentRegion = English;
			hasScannedForEncodings = 0;
			knownRegions = (
				en,
				Base,
			);
			mainGroup = 19A827F71D34889D0071B283;
			productRefGroup = 19A828011D34889D0071B283 /* Products */;
			projectDirPath = "";
			projectRoot = "";
			targets = (
				19A827FF1D34889D0071B283 /* opencvTest */,
			);
		};
/* End PBXProject section */

/* Begin PBXResourcesBuildPhase section */
		19A827FE1D34889D0071B283 /* Resources */ = {
			isa = PBXResourcesBuildPhase;
			buildActionMask = 2147483647;
			files = (
				19A8282C1D34935D0071B283 /* original.png in Resources */,
				19A8282D1D34935D0071B283 /* sign.png in Resources */,
				19A828081D34889D0071B283 /* Assets.xcassets in Resources */,
				19A8280B1D34889D0071B283 /* Main.storyboard in Resources */,
				19A8281F1D348BFA0071B283 /* Detector.xib in Resources */,
			);
			runOnlyForDeploymentPostprocessing = 0;
		};
/* End PBXResourcesBuildPhase section */

/* Begin PBXSourcesBuildPhase section */
		19A827FC1D34889D0071B283 /* Sources */ = {
			isa = PBXSourcesBuildPhase;
			buildActionMask = 2147483647;
			files = (
				19A8281E1D348BFA0071B283 /* Detector.mm in Sources */,
				19A828061D34889D0071B283 /* ViewController.swift in Sources */,
				19A828041D34889D0071B283 /* AppDelegate.swift in Sources */,
			);
			runOnlyForDeploymentPostprocessing = 0;
		};
/* End PBXSourcesBuildPhase section */

/* Begin PBXVariantGroup section */
		19A828091D34889D0071B283 /* Main.storyboard */ = {
			isa = PBXVariantGroup;
			children = (
				19A8280A1D34889D0071B283 /* Base */,
			);
			name = Main.storyboard;
			sourceTree = "<group>";
		};
/* End PBXVariantGroup section */

/* Begin XCBuildConfiguration section */
		19A8280D1D34889D0071B283 /* Debug */ = {
			isa = XCBuildConfiguration;
			buildSettings = {
				ALWAYS_SEARCH_USER_PATHS = NO;
				CLANG_ANALYZER_NONNULL = YES;
				CLANG_CXX_LANGUAGE_STANDARD = "gnu++0x";
				CLANG_CXX_LIBRARY = "libc++";
				CLANG_ENABLE_MODULES = YES;
				CLANG_ENABLE_OBJC_ARC = YES;
				CLANG_WARN_BOOL_CONVERSION = YES;
				CLANG_WARN_CONSTANT_CONVERSION = YES;
				CLANG_WARN_DIRECT_OBJC_ISA_USAGE = YES_ERROR;
				CLANG_WARN_EMPTY_BODY = YES;
				CLANG_WARN_ENUM_CONVERSION = YES;
				CLANG_WARN_INT_CONVERSION = YES;
				CLANG_WARN_OBJC_ROOT_CLASS = YES_ERROR;
				CLANG_WARN_UNREACHABLE_CODE = YES;
				CLANG_WARN__DUPLICATE_METHOD_MATCH = YES;
				CODE_SIGN_IDENTITY = "-";
				COPY_PHASE_STRIP = NO;
				DEBUG_INFORMATION_FORMAT = dwarf;
				ENABLE_STRICT_OBJC_MSGSEND = YES;
				ENABLE_TESTABILITY = YES;
				GCC_C_LANGUAGE_STANDARD = gnu99;
				GCC_DYNAMIC_NO_PIC = NO;
				GCC_NO_COMMON_BLOCKS = YES;
				GCC_OPTIMIZATION_LEVEL = 0;
				GCC_PREPROCESSOR_DEFINITIONS = (
					"DEBUG=1",
					"$(inherited)",
				);
				GCC_WARN_64_TO_32_BIT_CONVERSION = YES;
				GCC_WARN_ABOUT_RETURN_TYPE = YES_ERROR;
				GCC_WARN_UNDECLARED_SELECTOR = YES;
				GCC_WARN_UNINITIALIZED_AUTOS = YES_AGGRESSIVE;
				GCC_WARN_UNUSED_FUNCTION = YES;
				GCC_WARN_UNUSED_VARIABLE = YES;
				HEADER_SEARCH_PATHS = "/usr/local/opt/opencv/include/**";
				MACOSX_DEPLOYMENT_TARGET = 10.11;
				MTL_ENABLE_DEBUG_INFO = YES;
				ONLY_ACTIVE_ARCH = YES;
				SDKROOT = macosx;
				SWIFT_OPTIMIZATION_LEVEL = "-Onone";
			};
			name = Debug;
		};
		19A8280E1D34889D0071B283 /* Release */ = {
			isa = XCBuildConfiguration;
			buildSettings = {
				ALWAYS_SEARCH_USER_PATHS = NO;
				CLANG_ANALYZER_NONNULL = YES;
				CLANG_CXX_LANGUAGE_STANDARD = "gnu++0x";
				CLANG_CXX_LIBRARY = "libc++";
				CLANG_ENABLE_MODULES = YES;
				CLANG_ENABLE_OBJC_ARC = YES;
				CLANG_WARN_BOOL_CONVERSION = YES;
				CLANG_WARN_CONSTANT_CONVERSION = YES;
				CLANG_WARN_DIRECT_OBJC_ISA_USAGE = YES_ERROR;
				CLANG_WARN_EMPTY_BODY = YES;
				CLANG_WARN_ENUM_CONVERSION = YES;
				CLANG_WARN_INT_CONVERSION = YES;
				CLANG_WARN_OBJC_ROOT_CLASS = YES_ERROR;
				CLANG_WARN_UNREACHABLE_CODE = YES;
				CLANG_WARN__DUPLICATE_METHOD_MATCH = YES;
				CODE_SIGN_IDENTITY = "-";
				COPY_PHASE_STRIP = NO;
				DEBUG_INFORMATION_FORMAT = "dwarf-with-dsym";
				ENABLE_NS_ASSERTIONS = NO;
				ENABLE_STRICT_OBJC_MSGSEND = YES;
				GCC_C_LANGUAGE_STANDARD = gnu99;
				GCC_NO_COMMON_BLOCKS = YES;
				GCC_WARN_64_TO_32_BIT_CONVERSION = YES;
				GCC_WARN_ABOUT_RETURN_TYPE = YES_ERROR;
				GCC_WARN_UNDECLARED_SELECTOR = YES;
				GCC_WARN_UNINITIALIZED_AUTOS = YES_AGGRESSIVE;
				GCC_WARN_UNUSED_FUNCTION = YES;
				GCC_WARN_UNUSED_VARIABLE = YES;
				HEADER_SEARCH_PATHS = "/usr/local/opt/opencv/include/**";
				MACOSX_DEPLOYMENT_TARGET = 10.11;
				MTL_ENABLE_DEBUG_INFO = NO;
				SDKROOT = macosx;
			};
			name = Release;
		};
		19A828101D34889D0071B283 /* Debug */ = {
			isa = XCBuildConfiguration;
			buildSettings = {
				ASSETCATALOG_COMPILER_APPICON_NAME = AppIcon;
				CLANG_ENABLE_MODULES = YES;
				COMBINE_HIDPI_IMAGES = YES;
				INFOPLIST_FILE = opencvTest/Info.plist;
				LD_RUNPATH_SEARCH_PATHS = "$(inherited) @executable_path/../Frameworks";
				LIBRARY_SEARCH_PATHS = (
					"$(inherited)",
					/usr/local/Cellar/opencv/2.4.13/lib,
				);
				PRODUCT_BUNDLE_IDENTIFIER = com.shoheiaoki.opencvTest;
				PRODUCT_NAME = "$(TARGET_NAME)";
				SWIFT_OBJC_BRIDGING_HEADER = "opencvTest-Bridging-Header.h";
				SWIFT_OPTIMIZATION_LEVEL = "-Onone";
			};
			name = Debug;
		};
		19A828111D34889D0071B283 /* Release */ = {
			isa = XCBuildConfiguration;
			buildSettings = {
				ASSETCATALOG_COMPILER_APPICON_NAME = AppIcon;
				CLANG_ENABLE_MODULES = YES;
				COMBINE_HIDPI_IMAGES = YES;
				INFOPLIST_FILE = opencvTest/Info.plist;
				LD_RUNPATH_SEARCH_PATHS = "$(inherited) @executable_path/../Frameworks";
				LIBRARY_SEARCH_PATHS = (
					"$(inherited)",
					/usr/local/Cellar/opencv/2.4.13/lib,
				);
				PRODUCT_BUNDLE_IDENTIFIER = com.shoheiaoki.opencvTest;
				PRODUCT_NAME = "$(TARGET_NAME)";
				SWIFT_OBJC_BRIDGING_HEADER = "opencvTest-Bridging-Header.h";
			};
			name = Release;
		};
/* End XCBuildConfiguration section */

/* Begin XCConfigurationList section */
		19A827FB1D34889D0071B283 /* Build configuration list for PBXProject "opencvTest" */ = {
			isa = XCConfigurationList;
			buildConfigurations = (
				19A8280D1D34889D0071B283 /* Debug */,
				19A8280E1D34889D0071B283 /* Release */,
			);
			defaultConfigurationIsVisible = 0;
			defaultConfigurationName = Release;
		};
		19A8280F1D34889D0071B283 /* Build configuration list for PBXNativeTarget "opencvTest" */ = {
			isa = XCConfigurationList;
			buildConfigurations = (
				19A828101D34889D0071B283 /* Debug */,
				19A828111D34889D0071B283 /* Release */,
			);
			defaultConfigurationIsVisible = 0;
		};
/* End XCConfigurationList section */
	};
	rootObject = 19A827F81D34889D0071B283 /* Project object */;
}
